
Microsoft Visual Studio Solution File, Format Version 12.00
# Visual Studio Version 17
VisualStudioVersion = 17.8.34330.188
MinimumVisualStudioVersion = 10.0.40219.1
Project("{FAE04EC0-301F-11D3-BF4B-00C04F79EFBC}") = "HomeTask2", "HomeTask2\HomeTask2.csproj", "{D56E9C87-F233-4224-8E16-793E34F3E6DD}"
EndProject
Global
	GlobalSection(SolutionConfigurationPlatforms) = preSolution
		Debug|Any CPU = Debug|Any CPU
		Release|Any CPU = Release|Any CPU
	EndGlobalSection
	GlobalSection(ProjectConfigurationPlatforms) = postSolution
		{D56E9C87-F233-4224-8E16-793E34F3E6DD}.Debug|Any CPU.ActiveCfg = Debug|Any CPU
		{D56E9C87-F233-4224-8E16-793E34F3E6DD}.Debug|Any CPU.Build.0 = Debug|Any CPU
		{D56E9C87-F233-4224-8E16-793E34F3E6DD}.Release|Any CPU.ActiveCfg = Release|Any CPU
		{D56E9C87-F233-4224-8E16-793E34F3E6DD}.Release|Any CPU.Build.0 = Release|Any CPU
	EndGlobalSection
	GlobalSection(SolutionProperties) = preSolution
		HideSolutionNode = FALSE
	EndGlobalSection
	GlobalSection(ExtensibilityGlobals) = postSolution
		SolutionGuid = {6BC9684C-39D9-4B73-8237-B699E7CE6124}
	EndGlobalSection
EndGlobal
